
Microsoft Visual Studio Solution File, Format Version 12.00
# Visual Studio Version 16
VisualStudioVersion = 16.0.29021.104
MinimumVisualStudioVersion = 10.0.40219.1
Project("{9A19103F-16F7-4668-BE54-9A1E7A4F7556}") = "ContourNextLink24Manager", "ContourNextLink24Manager\ContourNextLink24Manager.csproj", "{92BBFBD0-1301-4DE4-B731-75375CB897AA}"
EndProject
Project("{FAE04EC0-301F-11D3-BF4B-00C04F79EFBC}") = "Testbed", "Testbed\Testbed.csproj", "{90E59B92-0D47-4C80-BD48-71E02AF6962C}"
EndProject
Global
	GlobalSection(SolutionConfigurationPlatforms) = preSolution
		Debug|Any CPU = Debug|Any CPU
		Release|Any CPU = Release|Any CPU
	EndGlobalSection
	GlobalSection(ProjectConfigurationPlatforms) = postSolution
		{93851357-19B1-4AA1-A8B9-4B79E7E971C0}.Debug|Any CPU.ActiveCfg = Debug|Any CPU
		{93851357-19B1-4AA1-A8B9-4B79E7E971C0}.Debug|Any CPU.Build.0 = Debug|Any CPU
		{93851357-19B1-4AA1-A8B9-4B79E7E971C0}.Release|Any CPU.ActiveCfg = Release|Any CPU
		{93851357-19B1-4AA1-A8B9-4B79E7E971C0}.Release|Any CPU.Build.0 = Release|Any CPU
		{92BBFBD0-1301-4DE4-B731-75375CB897AA}.Debug|Any CPU.ActiveCfg = Debug|Any CPU
		{92BBFBD0-1301-4DE4-B731-75375CB897AA}.Debug|Any CPU.Build.0 = Debug|Any CPU
		{92BBFBD0-1301-4DE4-B731-75375CB897AA}.Release|Any CPU.ActiveCfg = Release|Any CPU
		{92BBFBD0-1301-4DE4-B731-75375CB897AA}.Release|Any CPU.Build.0 = Release|Any CPU
		{90E59B92-0D47-4C80-BD48-71E02AF6962C}.Debug|Any CPU.ActiveCfg = Debug|Any CPU
		{90E59B92-0D47-4C80-BD48-71E02AF6962C}.Debug|Any CPU.Build.0 = Debug|Any CPU
		{90E59B92-0D47-4C80-BD48-71E02AF6962C}.Release|Any CPU.ActiveCfg = Release|Any CPU
		{90E59B92-0D47-4C80-BD48-71E02AF6962C}.Release|Any CPU.Build.0 = Release|Any CPU
	EndGlobalSection
	GlobalSection(SolutionProperties) = preSolution
		HideSolutionNode = FALSE
	EndGlobalSection
	GlobalSection(ExtensibilityGlobals) = postSolution
		SolutionGuid = {3C73531B-41A6-4A7F-8BEB-5C8187036AF9}
	EndGlobalSection
EndGlobal
